# This file is generated by running "yarn install" inside your project.
# Manual changes might be lost - proceed with caution!

__metadata:
  version: 6
  cacheKey: 8

"app1@workspace:*, app1@workspace:apps/app1":
  version: 0.0.0-use.local
  resolution: "app1@workspace:apps/app1"
  dependencies:
    lib1: "workspace:*"
  peerDependencies:
    lodash.concat: "*"
  languageName: unknown
  linkType: soft

"lib1@workspace:*, lib1@workspace:libs/lib1":
  version: 0.0.0-use.local
  resolution: "lib1@workspace:libs/lib1"
  peerDependencies:
    lodash.concat: "*"
  languageName: unknown
  linkType: soft

"lodash.concat@npm:4.5.0":
  version: 4.5.0
  resolution: "lodash.concat@npm:4.5.0"
  checksum: dd9d407875e71d0c061b9cf3e7cc0512ba16cfe164ce3b84244fe6e7be82c9e13cbb67221c08c011263e33244151b89b05ef85e0f620017abdbdf12b933604d3
  languageName: node
  linkType: hard

"service1@workspace:services/service1":
  version: 0.0.0-use.local
  resolution: "service1@workspace:services/service1"
  dependencies:
    app1: "workspace:*"
    lodash.concat: 4.5.0
  languageName: unknown
  linkType: soft

"test@workspace:.":
  version: 0.0.0-use.local
  resolution: "test@workspace:."
  languageName: unknown
  linkType: soft
